
Microsoft Visual Studio Solution File, Format Version 12.00
# Visual Studio Version 17
VisualStudioVersion = 17.11.35431.28
MinimumVisualStudioVersion = 10.0.40219.1
Project("{FAE04EC0-301F-11D3-BF4B-00C04F79EFBC}") = "Ku4eshka sre6ta", "Ku4eshka sre6ta.csproj", "{A38AD22A-90D8-4F0E-A3DC-277A15F3C889}"
EndProject
Global
	GlobalSection(SolutionConfigurationPlatforms) = preSolution
		Debug|Any CPU = Debug|Any CPU
		Release|Any CPU = Release|Any CPU
	EndGlobalSection
	GlobalSection(ProjectConfigurationPlatforms) = postSolution
		{A38AD22A-90D8-4F0E-A3DC-277A15F3C889}.Debug|Any CPU.ActiveCfg = Debug|Any CPU
		{A38AD22A-90D8-4F0E-A3DC-277A15F3C889}.Debug|Any CPU.Build.0 = Debug|Any CPU
		{A38AD22A-90D8-4F0E-A3DC-277A15F3C889}.Release|Any CPU.ActiveCfg = Release|Any CPU
		{A38AD22A-90D8-4F0E-A3DC-277A15F3C889}.Release|Any CPU.Build.0 = Release|Any CPU
	EndGlobalSection
	GlobalSection(SolutionProperties) = preSolution
		HideSolutionNode = FALSE
	EndGlobalSection
	GlobalSection(ExtensibilityGlobals) = postSolution
		SolutionGuid = {B35AC8EF-CDC2-4151-B652-0C120C452ABC}
	EndGlobalSection
EndGlobal
